// !$*UTF8*$!
{
	archiveVersion = 1;
	classes = {
	};
	objectVersion = 55;
	objects = {

/* Begin PBXBuildFile section */
		9589155E279BEBC300A814D2 /* ConfigiureDelegate.swift in Sources */ = {isa = PBXBuildFile; fileRef = 9589155D279BEBC300A814D2 /* ConfigiureDelegate.swift */; };
		95C52EE7279AB28500D59E15 /* AppDelegate.swift in Sources */ = {isa = PBXBuildFile; fileRef = 95C52EE6279AB28500D59E15 /* AppDelegate.swift */; };
		95C52EE9279AB28500D59E15 /* SceneDelegate.swift in Sources */ = {isa = PBXBuildFile; fileRef = 95C52EE8279AB28500D59E15 /* SceneDelegate.swift */; };
		95C52EEB279AB28500D59E15 /* ViewController.swift in Sources */ = {isa = PBXBuildFile; fileRef = 95C52EEA279AB28500D59E15 /* ViewController.swift */; };
		95C52EEE279AB28500D59E15 /* Main.storyboard in Resources */ = {isa = PBXBuildFile; fileRef = 95C52EEC279AB28500D59E15 /* Main.storyboard */; };
		95C52EF0279AB28600D59E15 /* Assets.xcassets in Resources */ = {isa = PBXBuildFile; fileRef = 95C52EEF279AB28600D59E15 /* Assets.xcassets */; };
		95C52EF3279AB28600D59E15 /* LaunchScreen.storyboard in Resources */ = {isa = PBXBuildFile; fileRef = 95C52EF1279AB28600D59E15 /* LaunchScreen.storyboard */; };
		95C52F00279AB39A00D59E15 /* PrefectureCell.swift in Sources */ = {isa = PBXBuildFile; fileRef = 95C52EFE279AB39A00D59E15 /* PrefectureCell.swift */; };
		95C52F01279AB39A00D59E15 /* PrefectureCell.xib in Resources */ = {isa = PBXBuildFile; fileRef = 95C52EFF279AB39A00D59E15 /* PrefectureCell.xib */; };
		95D6A5FA279BCC6B00612783 /* PrefectureData.swift in Sources */ = {isa = PBXBuildFile; fileRef = 95D6A5F9279BCC6B00612783 /* PrefectureData.swift */; };
/* End PBXBuildFile section */

/* Begin PBXFileReference section */
		9589155D279BEBC300A814D2 /* ConfigiureDelegate.swift */ = {isa = PBXFileReference; lastKnownFileType = sourcecode.swift; path = ConfigiureDelegate.swift; sourceTree = "<group>"; };
		95C52EE3279AB28500D59E15 /* IdealKadai10.app */ = {isa = PBXFileReference; explicitFileType = wrapper.application; includeInIndex = 0; path = IdealKadai10.app; sourceTree = BUILT_PRODUCTS_DIR; };
		95C52EE6279AB28500D59E15 /* AppDelegate.swift */ = {isa = PBXFileReference; lastKnownFileType = sourcecode.swift; path = AppDelegate.swift; sourceTree = "<group>"; };
		95C52EE8279AB28500D59E15 /* SceneDelegate.swift */ = {isa = PBXFileReference; lastKnownFileType = sourcecode.swift; path = SceneDelegate.swift; sourceTree = "<group>"; };
		95C52EEA279AB28500D59E15 /* ViewController.swift */ = {isa = PBXFileReference; lastKnownFileType = sourcecode.swift; path = ViewController.swift; sourceTree = "<group>"; };
		95C52EED279AB28500D59E15 /* Base */ = {isa = PBXFileReference; lastKnownFileType = file.storyboard; name = Base; path = Base.lproj/Main.storyboard; sourceTree = "<group>"; };
		95C52EEF279AB28600D59E15 /* Assets.xcassets */ = {isa = PBXFileReference; lastKnownFileType = folder.assetcatalog; path = Assets.xcassets; sourceTree = "<group>"; };
		95C52EF2279AB28600D59E15 /* Base */ = {isa = PBXFileReference; lastKnownFileType = file.storyboard; name = Base; path = Base.lproj/LaunchScreen.storyboard; sourceTree = "<group>"; };
		95C52EF4279AB28600D59E15 /* Info.plist */ = {isa = PBXFileReference; lastKnownFileType = text.plist.xml; path = Info.plist; sourceTree = "<group>"; };
		95C52EFE279AB39A00D59E15 /* PrefectureCell.swift */ = {isa = PBXFileReference; lastKnownFileType = sourcecode.swift; path = PrefectureCell.swift; sourceTree = "<group>"; };
		95C52EFF279AB39A00D59E15 /* PrefectureCell.xib */ = {isa = PBXFileReference; lastKnownFileType = file.xib; path = PrefectureCell.xib; sourceTree = "<group>"; };
		95D6A5F9279BCC6B00612783 /* PrefectureData.swift */ = {isa = PBXFileReference; lastKnownFileType = sourcecode.swift; path = PrefectureData.swift; sourceTree = "<group>"; };
/* End PBXFileReference section */

/* Begin PBXFrameworksBuildPhase section */
		95C52EE0279AB28500D59E15 /* Frameworks */ = {
			isa = PBXFrameworksBuildPhase;
			buildActionMask = 2147483647;
			files = (
			);
			runOnlyForDeploymentPostprocessing = 0;
		};
/* End PBXFrameworksBuildPhase section */

/* Begin PBXGroup section */
		9589155F279BEE1C00A814D2 /* Protocol */ = {
			isa = PBXGroup;
			children = (
				9589155D279BEBC300A814D2 /* ConfigiureDelegate.swift */,
			);
			path = Protocol;
			sourceTree = "<group>";
		};
		95C52EDA279AB28500D59E15 = {
			isa = PBXGroup;
			children = (
				95C52EE5279AB28500D59E15 /* IdealKadai10 */,
				95C52EE4279AB28500D59E15 /* Products */,
			);
			sourceTree = "<group>";
		};
		95C52EE4279AB28500D59E15 /* Products */ = {
			isa = PBXGroup;
			children = (
				95C52EE3279AB28500D59E15 /* IdealKadai10.app */,
			);
			name = Products;
			sourceTree = "<group>";
		};
		95C52EE5279AB28500D59E15 /* IdealKadai10 */ = {
			isa = PBXGroup;
			children = (
				95C52EE6279AB28500D59E15 /* AppDelegate.swift */,
				95C52EE8279AB28500D59E15 /* SceneDelegate.swift */,
				95C52EF4279AB28600D59E15 /* Info.plist */,
				9589155F279BEE1C00A814D2 /* Protocol */,
				95D6A5FB279BCCAD00612783 /* Models */,
				95D6A5FD279BD60600612783 /* Views */,
				95D6A5FC279BCDFB00612783 /* Controller */,
				95D6A5FE279BD64B00612783 /* SupportingFiles */,
			);
			path = IdealKadai10;
			sourceTree = "<group>";
		};
		95D6A5FB279BCCAD00612783 /* Models */ = {
			isa = PBXGroup;
			children = (
				95D6A5F9279BCC6B00612783 /* PrefectureData.swift */,
			);
			path = Models;
			sourceTree = "<group>";
		};
		95D6A5FC279BCDFB00612783 /* Controller */ = {
			isa = PBXGroup;
			children = (
				95C52EEA279AB28500D59E15 /* ViewController.swift */,
			);
			path = Controller;
			sourceTree = "<group>";
		};
		95D6A5FD279BD60600612783 /* Views */ = {
			isa = PBXGroup;
			children = (
				95C52EEC279AB28500D59E15 /* Main.storyboard */,
				95C52EFF279AB39A00D59E15 /* PrefectureCell.xib */,
				95C52EFE279AB39A00D59E15 /* PrefectureCell.swift */,
			);
			path = Views;
			sourceTree = "<group>";
		};
		95D6A5FE279BD64B00612783 /* SupportingFiles */ = {
			isa = PBXGroup;
			children = (
				95C52EEF279AB28600D59E15 /* Assets.xcassets */,
				95C52EF1279AB28600D59E15 /* LaunchScreen.storyboard */,
			);
			path = SupportingFiles;
			sourceTree = "<group>";
		};
/* End PBXGroup section */

/* Begin PBXNativeTarget section */
		95C52EE2279AB28500D59E15 /* IdealKadai10 */ = {
			isa = PBXNativeTarget;
			buildConfigurationList = 95C52EF7279AB28600D59E15 /* Build configuration list for PBXNativeTarget "IdealKadai10" */;
			buildPhases = (
				95C52EDF279AB28500D59E15 /* Sources */,
				95C52EE0279AB28500D59E15 /* Frameworks */,
				95C52EE1279AB28500D59E15 /* Resources */,
			);
			buildRules = (
			);
			dependencies = (
			);
			name = IdealKadai10;
			productName = IdealKadai10;
			productReference = 95C52EE3279AB28500D59E15 /* IdealKadai10.app */;
			productType = "com.apple.product-type.application";
		};
/* End PBXNativeTarget section */

/* Begin PBXProject section */
		95C52EDB279AB28500D59E15 /* Project object */ = {
			isa = PBXProject;
			attributes = {
				BuildIndependentTargetsInParallel = 1;
				LastSwiftUpdateCheck = 1320;
				LastUpgradeCheck = 1320;
				TargetAttributes = {
					95C52EE2279AB28500D59E15 = {
						CreatedOnToolsVersion = 13.2.1;
					};
				};
			};
			buildConfigurationList = 95C52EDE279AB28500D59E15 /* Build configuration list for PBXProject "IdealKadai10" */;
			compatibilityVersion = "Xcode 13.0";
			developmentRegion = en;
			hasScannedForEncodings = 0;
			knownRegions = (
				en,
				Base,
			);
			mainGroup = 95C52EDA279AB28500D59E15;
			productRefGroup = 95C52EE4279AB28500D59E15 /* Products */;
			projectDirPath = "";
			projectRoot = "";
			targets = (
				95C52EE2279AB28500D59E15 /* IdealKadai10 */,
			);
		};
/* End PBXProject section */

/* Begin PBXResourcesBuildPhase section */
		95C52EE1279AB28500D59E15 /* Resources */ = {
			isa = PBXResourcesBuildPhase;
			buildActionMask = 2147483647;
			files = (
				95C52EF3279AB28600D59E15 /* LaunchScreen.storyboard in Resources */,
				95C52F01279AB39A00D59E15 /* PrefectureCell.xib in Resources */,
				95C52EF0279AB28600D59E15 /* Assets.xcassets in Resources */,
				95C52EEE279AB28500D59E15 /* Main.storyboard in Resources */,
			);
			runOnlyForDeploymentPostprocessing = 0;
		};
/* End PBXResourcesBuildPhase section */

/* Begin PBXSourcesBuildPhase section */
		95C52EDF279AB28500D59E15 /* Sources */ = {
			isa = PBXSourcesBuildPhase;
			buildActionMask = 2147483647;
			files = (
				95D6A5FA279BCC6B00612783 /* PrefectureData.swift in Sources */,
				95C52EEB279AB28500D59E15 /* ViewController.swift in Sources */,
				95C52F00279AB39A00D59E15 /* PrefectureCell.swift in Sources */,
				95C52EE7279AB28500D59E15 /* AppDelegate.swift in Sources */,
				95C52EE9279AB28500D59E15 /* SceneDelegate.swift in Sources */,
				9589155E279BEBC300A814D2 /* ConfigiureDelegate.swift in Sources */,
			);
			runOnlyForDeploymentPostprocessing = 0;
		};
/* End PBXSourcesBuildPhase section */

/* Begin PBXVariantGroup section */
		95C52EEC279AB28500D59E15 /* Main.storyboard */ = {
			isa = PBXVariantGroup;
			children = (
				95C52EED279AB28500D59E15 /* Base */,
			);
			name = Main.storyboard;
			sourceTree = "<group>";
		};
		95C52EF1279AB28600D59E15 /* LaunchScreen.storyboard */ = {
			isa = PBXVariantGroup;
			children = (
				95C52EF2279AB28600D59E15 /* Base */,
			);
			name = LaunchScreen.storyboard;
			sourceTree = "<group>";
		};
/* End PBXVariantGroup section */

/* Begin XCBuildConfiguration section */
		95C52EF5279AB28600D59E15 /* Debug */ = {
			isa = XCBuildConfiguration;
			buildSettings = {
				ALWAYS_SEARCH_USER_PATHS = NO;
				CLANG_ANALYZER_NONNULL = YES;
				CLANG_ANALYZER_NUMBER_OBJECT_CONVERSION = YES_AGGRESSIVE;
				CLANG_CXX_LANGUAGE_STANDARD = "gnu++17";
				CLANG_CXX_LIBRARY = "libc++";
				CLANG_ENABLE_MODULES = YES;
				CLANG_ENABLE_OBJC_ARC = YES;
				CLANG_ENABLE_OBJC_WEAK = YES;
				CLANG_WARN_BLOCK_CAPTURE_AUTORELEASING = YES;
				CLANG_WARN_BOOL_CONVERSION = YES;
				CLANG_WARN_COMMA = YES;
				CLANG_WARN_CONSTANT_CONVERSION = YES;
				CLANG_WARN_DEPRECATED_OBJC_IMPLEMENTATIONS = YES;
				CLANG_WARN_DIRECT_OBJC_ISA_USAGE = YES_ERROR;
				CLANG_WARN_DOCUMENTATION_COMMENTS = YES;
				CLANG_WARN_EMPTY_BODY = YES;
				CLANG_WARN_ENUM_CONVERSION = YES;
				CLANG_WARN_INFINITE_RECURSION = YES;
				CLANG_WARN_INT_CONVERSION = YES;
				CLANG_WARN_NON_LITERAL_NULL_CONVERSION = YES;
				CLANG_WARN_OBJC_IMPLICIT_RETAIN_SELF = YES;
				CLANG_WARN_OBJC_LITERAL_CONVERSION = YES;
				CLANG_WARN_OBJC_ROOT_CLASS = YES_ERROR;
				CLANG_WARN_QUOTED_INCLUDE_IN_FRAMEWORK_HEADER = YES;
				CLANG_WARN_RANGE_LOOP_ANALYSIS = YES;
				CLANG_WARN_STRICT_PROTOTYPES = YES;
				CLANG_WARN_SUSPICIOUS_MOVE = YES;
				CLANG_WARN_UNGUARDED_AVAILABILITY = YES_AGGRESSIVE;
				CLANG_WARN_UNREACHABLE_CODE = YES;
				CLANG_WARN__DUPLICATE_METHOD_MATCH = YES;
				COPY_PHASE_STRIP = NO;
				DEBUG_INFORMATION_FORMAT = dwarf;
				ENABLE_STRICT_OBJC_MSGSEND = YES;
				ENABLE_TESTABILITY = YES;
				GCC_C_LANGUAGE_STANDARD = gnu11;
				GCC_DYNAMIC_NO_PIC = NO;
				GCC_NO_COMMON_BLOCKS = YES;
				GCC_OPTIMIZATION_LEVEL = 0;
				GCC_PREPROCESSOR_DEFINITIONS = (
					"DEBUG=1",
					"$(inherited)",
				);
				GCC_WARN_64_TO_32_BIT_CONVERSION = YES;
				GCC_WARN_ABOUT_RETURN_TYPE = YES_ERROR;
				GCC_WARN_UNDECLARED_SELECTOR = YES;
				GCC_WARN_UNINITIALIZED_AUTOS = YES_AGGRESSIVE;
				GCC_WARN_UNUSED_FUNCTION = YES;
				GCC_WARN_UNUSED_VARIABLE = YES;
				IPHONEOS_DEPLOYMENT_TARGET = 15.2;
				MTL_ENABLE_DEBUG_INFO = INCLUDE_SOURCE;
				MTL_FAST_MATH = YES;
				ONLY_ACTIVE_ARCH = YES;
				SDKROOT = iphoneos;
				SWIFT_ACTIVE_COMPILATION_CONDITIONS = DEBUG;
				SWIFT_OPTIMIZATION_LEVEL = "-Onone";
			};
			name = Debug;
		};
		95C52EF6279AB28600D59E15 /* Release */ = {
			isa = XCBuildConfiguration;
			buildSettings = {
				ALWAYS_SEARCH_USER_PATHS = NO;
				CLANG_ANALYZER_NONNULL = YES;
				CLANG_ANALYZER_NUMBER_OBJECT_CONVERSION = YES_AGGRESSIVE;
				CLANG_CXX_LANGUAGE_STANDARD = "gnu++17";
				CLANG_CXX_LIBRARY = "libc++";
				CLANG_ENABLE_MODULES = YES;
				CLANG_ENABLE_OBJC_ARC = YES;
				CLANG_ENABLE_OBJC_WEAK = YES;
				CLANG_WARN_BLOCK_CAPTURE_AUTORELEASING = YES;
				CLANG_WARN_BOOL_CONVERSION = YES;
				CLANG_WARN_COMMA = YES;
				CLANG_WARN_CONSTANT_CONVERSION = YES;
				CLANG_WARN_DEPRECATED_OBJC_IMPLEMENTATIONS = YES;
				CLANG_WARN_DIRECT_OBJC_ISA_USAGE = YES_ERROR;
				CLANG_WARN_DOCUMENTATION_COMMENTS = YES;
				CLANG_WARN_EMPTY_BODY = YES;
				CLANG_WARN_ENUM_CONVERSION = YES;
				CLANG_WARN_INFINITE_RECURSION = YES;
				CLANG_WARN_INT_CONVERSION = YES;
				CLANG_WARN_NON_LITERAL_NULL_CONVERSION = YES;
				CLANG_WARN_OBJC_IMPLICIT_RETAIN_SELF = YES;
				CLANG_WARN_OBJC_LITERAL_CONVERSION = YES;
				CLANG_WARN_OBJC_ROOT_CLASS = YES_ERROR;
				CLANG_WARN_QUOTED_INCLUDE_IN_FRAMEWORK_HEADER = YES;
				CLANG_WARN_RANGE_LOOP_ANALYSIS = YES;
				CLANG_WARN_STRICT_PROTOTYPES = YES;
				CLANG_WARN_SUSPICIOUS_MOVE = YES;
				CLANG_WARN_UNGUARDED_AVAILABILITY = YES_AGGRESSIVE;
				CLANG_WARN_UNREACHABLE_CODE = YES;
				CLANG_WARN__DUPLICATE_METHOD_MATCH = YES;
				COPY_PHASE_STRIP = NO;
				DEBUG_INFORMATION_FORMAT = "dwarf-with-dsym";
				ENABLE_NS_ASSERTIONS = NO;
				ENABLE_STRICT_OBJC_MSGSEND = YES;
				GCC_C_LANGUAGE_STANDARD = gnu11;
				GCC_NO_COMMON_BLOCKS = YES;
				GCC_WARN_64_TO_32_BIT_CONVERSION = YES;
				GCC_WARN_ABOUT_RETURN_TYPE = YES_ERROR;
				GCC_WARN_UNDECLARED_SELECTOR = YES;
				GCC_WARN_UNINITIALIZED_AUTOS = YES_AGGRESSIVE;
				GCC_WARN_UNUSED_FUNCTION = YES;
				GCC_WARN_UNUSED_VARIABLE = YES;
				IPHONEOS_DEPLOYMENT_TARGET = 15.2;
				MTL_ENABLE_DEBUG_INFO = NO;
				MTL_FAST_MATH = YES;
				SDKROOT = iphoneos;
				SWIFT_COMPILATION_MODE = wholemodule;
				SWIFT_OPTIMIZATION_LEVEL = "-O";
				VALIDATE_PRODUCT = YES;
			};
			name = Release;
		};
		95C52EF8279AB28600D59E15 /* Debug */ = {
			isa = XCBuildConfiguration;
			buildSettings = {
				ASSETCATALOG_COMPILER_APPICON_NAME = AppIcon;
				ASSETCATALOG_COMPILER_GLOBAL_ACCENT_COLOR_NAME = AccentColor;
				CODE_SIGN_STYLE = Automatic;
				CURRENT_PROJECT_VERSION = 1;
				GENERATE_INFOPLIST_FILE = YES;
				INFOPLIST_FILE = IdealKadai10/Info.plist;
				INFOPLIST_KEY_UIApplicationSupportsIndirectInputEvents = YES;
				INFOPLIST_KEY_UILaunchStoryboardName = LaunchScreen;
				INFOPLIST_KEY_UIMainStoryboardFile = Main;
				INFOPLIST_KEY_UISupportedInterfaceOrientations_iPad = "UIInterfaceOrientationPortrait UIInterfaceOrientationPortraitUpsideDown UIInterfaceOrientationLandscapeLeft UIInterfaceOrientationLandscapeRight";
				INFOPLIST_KEY_UISupportedInterfaceOrientations_iPhone = "UIInterfaceOrientationPortrait UIInterfaceOrientationLandscapeLeft UIInterfaceOrientationLandscapeRight";
				LD_RUNPATH_SEARCH_PATHS = (
					"$(inherited)",
					"@executable_path/Frameworks",
				);
				MARKETING_VERSION = 1.0;
				PRODUCT_BUNDLE_IDENTIFIER = com.ShoutaNakano.IdealKadai10;
				PRODUCT_NAME = "$(TARGET_NAME)";
				SWIFT_EMIT_LOC_STRINGS = YES;
				SWIFT_VERSION = 5.0;
				TARGETED_DEVICE_FAMILY = "1,2";
			};
			name = Debug;
		};
		95C52EF9279AB28600D59E15 /* Release */ = {
			isa = XCBuildConfiguration;
			buildSettings = {
				ASSETCATALOG_COMPILER_APPICON_NAME = AppIcon;
				ASSETCATALOG_COMPILER_GLOBAL_ACCENT_COLOR_NAME = AccentColor;
				CODE_SIGN_STYLE = Automatic;
				CURRENT_PROJECT_VERSION = 1;
				GENERATE_INFOPLIST_FILE = YES;
				INFOPLIST_FILE = IdealKadai10/Info.plist;
				INFOPLIST_KEY_UIApplicationSupportsIndirectInputEvents = YES;
				INFOPLIST_KEY_UILaunchStoryboardName = LaunchScreen;
				INFOPLIST_KEY_UIMainStoryboardFile = Main;
				INFOPLIST_KEY_UISupportedInterfaceOrientations_iPad = "UIInterfaceOrientationPortrait UIInterfaceOrientationPortraitUpsideDown UIInterfaceOrientationLandscapeLeft UIInterfaceOrientationLandscapeRight";
				INFOPLIST_KEY_UISupportedInterfaceOrientations_iPhone = "UIInterfaceOrientationPortrait UIInterfaceOrientationLandscapeLeft UIInterfaceOrientationLandscapeRight";
				LD_RUNPATH_SEARCH_PATHS = (
					"$(inherited)",
					"@executable_path/Frameworks",
				);
				MARKETING_VERSION = 1.0;
				PRODUCT_BUNDLE_IDENTIFIER = com.ShoutaNakano.IdealKadai10;
				PRODUCT_NAME = "$(TARGET_NAME)";
				SWIFT_EMIT_LOC_STRINGS = YES;
				SWIFT_VERSION = 5.0;
				TARGETED_DEVICE_FAMILY = "1,2";
			};
			name = Release;
		};
/* End XCBuildConfiguration section */

/* Begin XCConfigurationList section */
		95C52EDE279AB28500D59E15 /* Build configuration list for PBXProject "IdealKadai10" */ = {
			isa = XCConfigurationList;
			buildConfigurations = (
				95C52EF5279AB28600D59E15 /* Debug */,
				95C52EF6279AB28600D59E15 /* Release */,
			);
			defaultConfigurationIsVisible = 0;
			defaultConfigurationName = Release;
		};
		95C52EF7279AB28600D59E15 /* Build configuration list for PBXNativeTarget "IdealKadai10" */ = {
			isa = XCConfigurationList;
			buildConfigurations = (
				95C52EF8279AB28600D59E15 /* Debug */,
				95C52EF9279AB28600D59E15 /* Release */,
			);
			defaultConfigurationIsVisible = 0;
			defaultConfigurationName = Release;
		};
/* End XCConfigurationList section */
	};
	rootObject = 95C52EDB279AB28500D59E15 /* Project object */;
}
